
Microsoft Visual Studio Solution File, Format Version 12.00
# Visual Studio Version 17
VisualStudioVersion = 17.8.34511.84
MinimumVisualStudioVersion = 10.0.40219.1
Project("{FAE04EC0-301F-11D3-BF4B-00C04F79EFBC}") = "QuickSort", "QuickSort\QuickSort.csproj", "{B949C30B-5F21-4737-8688-5DB1348F3F01}"
EndProject
Global
	GlobalSection(SolutionConfigurationPlatforms) = preSolution
		Debug|Any CPU = Debug|Any CPU
		Release|Any CPU = Release|Any CPU
	EndGlobalSection
	GlobalSection(ProjectConfigurationPlatforms) = postSolution
		{B949C30B-5F21-4737-8688-5DB1348F3F01}.Debug|Any CPU.ActiveCfg = Debug|Any CPU
		{B949C30B-5F21-4737-8688-5DB1348F3F01}.Debug|Any CPU.Build.0 = Debug|Any CPU
		{B949C30B-5F21-4737-8688-5DB1348F3F01}.Release|Any CPU.ActiveCfg = Release|Any CPU
		{B949C30B-5F21-4737-8688-5DB1348F3F01}.Release|Any CPU.Build.0 = Release|Any CPU
	EndGlobalSection
	GlobalSection(SolutionProperties) = preSolution
		HideSolutionNode = FALSE
	EndGlobalSection
	GlobalSection(ExtensibilityGlobals) = postSolution
		SolutionGuid = {84DE89C6-53A5-4088-A167-CF4DE67D8983}
	EndGlobalSection
EndGlobal
